
Microsoft Visual Studio Solution File, Format Version 12.00
# Visual Studio Version 17
VisualStudioVersion = 17.7.34031.279
MinimumVisualStudioVersion = 10.0.40219.1
Project("{FAE04EC0-301F-11D3-BF4B-00C04F79EFBC}") = "TestProject1", "TestProject1\TestProject1.csproj", "{16E8C42D-0B1A-4E61-9D6A-597F4C531B7F}"
EndProject
Global
	GlobalSection(SolutionConfigurationPlatforms) = preSolution
		Debug|Any CPU = Debug|Any CPU
		Release|Any CPU = Release|Any CPU
	EndGlobalSection
	GlobalSection(ProjectConfigurationPlatforms) = postSolution
		{16E8C42D-0B1A-4E61-9D6A-597F4C531B7F}.Debug|Any CPU.ActiveCfg = Debug|Any CPU
		{16E8C42D-0B1A-4E61-9D6A-597F4C531B7F}.Debug|Any CPU.Build.0 = Debug|Any CPU
		{16E8C42D-0B1A-4E61-9D6A-597F4C531B7F}.Release|Any CPU.ActiveCfg = Release|Any CPU
		{16E8C42D-0B1A-4E61-9D6A-597F4C531B7F}.Release|Any CPU.Build.0 = Release|Any CPU
	EndGlobalSection
	GlobalSection(SolutionProperties) = preSolution
		HideSolutionNode = FALSE
	EndGlobalSection
	GlobalSection(ExtensibilityGlobals) = postSolution
		SolutionGuid = {289AF004-B9F4-43E2-8114-390EE799D704}
	EndGlobalSection
EndGlobal
